[{<<"cowboy">>,
  {git,"https://github.com/ninenines/cowboy.git",
       {ref,"04ca4c5d31a92d4d3de087bbd7d6021dc4a6d409"}},
  0},
 {<<"cowlib">>,
  {git,"https://github.com/ninenines/cowlib",
       {ref,"e9448e5628c8c1d9083223ff973af8de31a566d1"}},
  1},
 {<<"epgsql">>,
  {git,"git://github.com/epgsql/epgsql.git",
       {ref,"d90b631497e47e38d1ce6e915a2fbee1073c63aa"}},
  1},
 {<<"mochiweb">>,
  {git,"https://github.com/mochi/mochiweb.git",
       {ref,"7bc0d63d2d6037533a87cc2f07824832ac2dd5db"}},
  0},
 {<<"pgapp">>,
  {git,"https://github.com/epgsql/pgapp.git",
       {ref,"e55452ba8621720bd9bfe0b5d0cd92687c82d470"}},
  0},
 {<<"poolboy">>,
  {git,"git://github.com/comtihon/poolboy.git",
       {ref,"9c06a9ad4e700e0724a2e3c4b44c5f5d51380a0d"}},
  1},
 {<<"ranch">>,
  {git,"https://github.com/ninenines/ranch",
       {ref,"a692f44567034dacf5efcaa24a24183788594eb7"}},
  1}].
